
Microsoft Visual Studio Solution File, Format Version 12.00
# Visual Studio 15
VisualStudioVersion = 15.0.27004.2010
MinimumVisualStudioVersion = 10.0.40219.1
Project("{FAE04EC0-301F-11D3-BF4B-00C04F79EFBC}") = "GL.Console.Secrets", "src\GL.Console.Secrets\GL.Console.Secrets.csproj", "{567D5EE1-0453-491B-8970-292D6BD4FC94}"
EndProject
Project("{2150E333-8FDC-42A3-9474-1A3956D46DE8}") = "test", "test", "{B9DD734B-2AC6-49EB-83C1-67577B5353E6}"
EndProject
Project("{FAE04EC0-301F-11D3-BF4B-00C04F79EFBC}") = "GL.Console.Secrets.Test", "test\GL.Console.Secrets.Test\GL.Console.Secrets.Test.csproj", "{376410F3-3019-4E00-B3E5-B2F61D2B96BA}"
EndProject
Project("{FAE04EC0-301F-11D3-BF4B-00C04F79EFBC}") = "GL.Console.Secrets.Core", "src\GL.Console.Secrets.Core\GL.Console.Secrets.Core.csproj", "{3103A1F2-E328-412C-A1D7-534C65455AF5}"
EndProject
Project("{FAE04EC0-301F-11D3-BF4B-00C04F79EFBC}") = "GL.Console.Secrets.Test.Core", "test\GL.Console.Secrets.Test.Core\GL.Console.Secrets.Test.Core.csproj", "{3E46C8B8-F833-44CA-8392-BEB30B92B041}"
EndProject
Global
	GlobalSection(SolutionConfigurationPlatforms) = preSolution
		Debug|Any CPU = Debug|Any CPU
		Release|Any CPU = Release|Any CPU
	EndGlobalSection
	GlobalSection(ProjectConfigurationPlatforms) = postSolution
		{567D5EE1-0453-491B-8970-292D6BD4FC94}.Debug|Any CPU.ActiveCfg = Debug|Any CPU
		{567D5EE1-0453-491B-8970-292D6BD4FC94}.Debug|Any CPU.Build.0 = Debug|Any CPU
		{567D5EE1-0453-491B-8970-292D6BD4FC94}.Release|Any CPU.ActiveCfg = Release|Any CPU
		{567D5EE1-0453-491B-8970-292D6BD4FC94}.Release|Any CPU.Build.0 = Release|Any CPU
		{376410F3-3019-4E00-B3E5-B2F61D2B96BA}.Debug|Any CPU.ActiveCfg = Debug|Any CPU
		{376410F3-3019-4E00-B3E5-B2F61D2B96BA}.Debug|Any CPU.Build.0 = Debug|Any CPU
		{376410F3-3019-4E00-B3E5-B2F61D2B96BA}.Release|Any CPU.ActiveCfg = Release|Any CPU
		{376410F3-3019-4E00-B3E5-B2F61D2B96BA}.Release|Any CPU.Build.0 = Release|Any CPU
		{3103A1F2-E328-412C-A1D7-534C65455AF5}.Debug|Any CPU.ActiveCfg = Debug|Any CPU
		{3103A1F2-E328-412C-A1D7-534C65455AF5}.Debug|Any CPU.Build.0 = Debug|Any CPU
		{3103A1F2-E328-412C-A1D7-534C65455AF5}.Release|Any CPU.ActiveCfg = Release|Any CPU
		{3103A1F2-E328-412C-A1D7-534C65455AF5}.Release|Any CPU.Build.0 = Release|Any CPU
		{3E46C8B8-F833-44CA-8392-BEB30B92B041}.Debug|Any CPU.ActiveCfg = Debug|Any CPU
		{3E46C8B8-F833-44CA-8392-BEB30B92B041}.Debug|Any CPU.Build.0 = Debug|Any CPU
		{3E46C8B8-F833-44CA-8392-BEB30B92B041}.Release|Any CPU.ActiveCfg = Release|Any CPU
		{3E46C8B8-F833-44CA-8392-BEB30B92B041}.Release|Any CPU.Build.0 = Release|Any CPU
	EndGlobalSection
	GlobalSection(SolutionProperties) = preSolution
		HideSolutionNode = FALSE
	EndGlobalSection
	GlobalSection(NestedProjects) = preSolution
		{376410F3-3019-4E00-B3E5-B2F61D2B96BA} = {B9DD734B-2AC6-49EB-83C1-67577B5353E6}
		{3E46C8B8-F833-44CA-8392-BEB30B92B041} = {B9DD734B-2AC6-49EB-83C1-67577B5353E6}
	EndGlobalSection
	GlobalSection(ExtensibilityGlobals) = postSolution
		SolutionGuid = {8A3D5585-9CC5-4BF2-A306-74F3EDFBFA66}
	EndGlobalSection
EndGlobal
